
Microsoft Visual Studio Solution File, Format Version 12.00
# Visual Studio Version 16
VisualStudioVersion = 16.0.31105.61
MinimumVisualStudioVersion = 10.0.40219.1
Project("{FAE04EC0-301F-11D3-BF4B-00C04F79EFBC}") = "DAL", "DAL\DAL.csproj", "{FF2A9285-515B-4D28-8D1C-2D0058A1E5F8}"
EndProject
Project("{FAE04EC0-301F-11D3-BF4B-00C04F79EFBC}") = "Bll", "Bll\Bll.csproj", "{EF263C03-B5E8-4B23-9FE4-BC7F0DB89857}"
EndProject
Project("{FAE04EC0-301F-11D3-BF4B-00C04F79EFBC}") = "wfaBiblioteca", "wfaBiblioteca\wfaBiblioteca.csproj", "{ECB0D0B3-7711-41D3-B677-434D3B617411}"
EndProject
Global
	GlobalSection(SolutionConfigurationPlatforms) = preSolution
		Debug|Any CPU = Debug|Any CPU
		Release|Any CPU = Release|Any CPU
	EndGlobalSection
	GlobalSection(ProjectConfigurationPlatforms) = postSolution
		{FF2A9285-515B-4D28-8D1C-2D0058A1E5F8}.Debug|Any CPU.ActiveCfg = Debug|Any CPU
		{FF2A9285-515B-4D28-8D1C-2D0058A1E5F8}.Debug|Any CPU.Build.0 = Debug|Any CPU
		{FF2A9285-515B-4D28-8D1C-2D0058A1E5F8}.Release|Any CPU.ActiveCfg = Release|Any CPU
		{FF2A9285-515B-4D28-8D1C-2D0058A1E5F8}.Release|Any CPU.Build.0 = Release|Any CPU
		{EF263C03-B5E8-4B23-9FE4-BC7F0DB89857}.Debug|Any CPU.ActiveCfg = Debug|Any CPU
		{EF263C03-B5E8-4B23-9FE4-BC7F0DB89857}.Debug|Any CPU.Build.0 = Debug|Any CPU
		{EF263C03-B5E8-4B23-9FE4-BC7F0DB89857}.Release|Any CPU.ActiveCfg = Release|Any CPU
		{EF263C03-B5E8-4B23-9FE4-BC7F0DB89857}.Release|Any CPU.Build.0 = Release|Any CPU
		{ECB0D0B3-7711-41D3-B677-434D3B617411}.Debug|Any CPU.ActiveCfg = Debug|Any CPU
		{ECB0D0B3-7711-41D3-B677-434D3B617411}.Debug|Any CPU.Build.0 = Debug|Any CPU
		{ECB0D0B3-7711-41D3-B677-434D3B617411}.Release|Any CPU.ActiveCfg = Release|Any CPU
		{ECB0D0B3-7711-41D3-B677-434D3B617411}.Release|Any CPU.Build.0 = Release|Any CPU
	EndGlobalSection
	GlobalSection(SolutionProperties) = preSolution
		HideSolutionNode = FALSE
	EndGlobalSection
	GlobalSection(ExtensibilityGlobals) = postSolution
		SolutionGuid = {D08130B4-C2F9-48F4-9F17-337CD3E5712C}
	EndGlobalSection
EndGlobal
